// !$*UTF8*$!
{
	archiveVersion = 1;
	classes = {
	};
	objectVersion = 55;
	objects = {

/* Begin PBXBuildFile section */
		97F24FF5271CB5AC006A99AB /* AppDelegate.swift in Sources */ = {isa = PBXBuildFile; fileRef = 97F24FF4271CB5AC006A99AB /* AppDelegate.swift */; };
		97F24FF7271CB5AC006A99AB /* SceneDelegate.swift in Sources */ = {isa = PBXBuildFile; fileRef = 97F24FF6271CB5AC006A99AB /* SceneDelegate.swift */; };
		97F24FFE271CB5B3006A99AB /* Assets.xcassets in Resources */ = {isa = PBXBuildFile; fileRef = 97F24FFD271CB5B3006A99AB /* Assets.xcassets */; };
		97F25001271CB5B3006A99AB /* LaunchScreen.storyboard in Resources */ = {isa = PBXBuildFile; fileRef = 97F24FFF271CB5B3006A99AB /* LaunchScreen.storyboard */; };
		97F2500A271CB7F9006A99AB /* TrendingSeriesVC.swift in Sources */ = {isa = PBXBuildFile; fileRef = 97F25009271CB7F9006A99AB /* TrendingSeriesVC.swift */; };
		97F2500D271CB82E006A99AB /* CommentsVC.swift in Sources */ = {isa = PBXBuildFile; fileRef = 97F2500C271CB82E006A99AB /* CommentsVC.swift */; };
		97F2500F271CBA19006A99AB /* GoogleService-Info.plist in Resources */ = {isa = PBXBuildFile; fileRef = 97F2500E271CBA19006A99AB /* GoogleService-Info.plist */; };
		97F25024271CBB47006A99AB /* GoogleAppMeasurement.xcframework in Frameworks */ = {isa = PBXBuildFile; fileRef = 97F25010271CBB46006A99AB /* GoogleAppMeasurement.xcframework */; };
		97F25025271CBB47006A99AB /* FirebaseCoreDiagnostics.xcframework in Frameworks */ = {isa = PBXBuildFile; fileRef = 97F25011271CBB46006A99AB /* FirebaseCoreDiagnostics.xcframework */; };
		97F25026271CBB47006A99AB /* FirebaseAuth.xcframework in Frameworks */ = {isa = PBXBuildFile; fileRef = 97F25012271CBB46006A99AB /* FirebaseAuth.xcframework */; };
		97F25028271CBB47006A99AB /* FirebaseFirestore.xcframework in Frameworks */ = {isa = PBXBuildFile; fileRef = 97F25015271CBB46006A99AB /* FirebaseFirestore.xcframework */; };
		97F25029271CBB47006A99AB /* abseil.xcframework in Frameworks */ = {isa = PBXBuildFile; fileRef = 97F25016271CBB46006A99AB /* abseil.xcframework */; };
		97F2502A271CBB47006A99AB /* GoogleAppMeasurementIdentitySupport.xcframework in Frameworks */ = {isa = PBXBuildFile; fileRef = 97F25017271CBB46006A99AB /* GoogleAppMeasurementIdentitySupport.xcframework */; };
		97F2502B271CBB47006A99AB /* gRPC-C++.xcframework in Frameworks */ = {isa = PBXBuildFile; fileRef = 97F25018271CBB46006A99AB /* gRPC-C++.xcframework */; };
		97F2502C271CBB47006A99AB /* BoringSSL-GRPC.xcframework in Frameworks */ = {isa = PBXBuildFile; fileRef = 97F25019271CBB46006A99AB /* BoringSSL-GRPC.xcframework */; };
		97F2502D271CBB47006A99AB /* leveldb-library.xcframework in Frameworks */ = {isa = PBXBuildFile; fileRef = 97F2501A271CBB46006A99AB /* leveldb-library.xcframework */; };
		97F2502E271CBB47006A99AB /* FirebaseCore.xcframework in Frameworks */ = {isa = PBXBuildFile; fileRef = 97F2501B271CBB46006A99AB /* FirebaseCore.xcframework */; };
		97F2502F271CBB47006A99AB /* FirebaseAnalytics.xcframework in Frameworks */ = {isa = PBXBuildFile; fileRef = 97F2501C271CBB46006A99AB /* FirebaseAnalytics.xcframework */; };
		97F25030271CBB47006A99AB /* gRPC-Core.xcframework in Frameworks */ = {isa = PBXBuildFile; fileRef = 97F2501D271CBB47006A99AB /* gRPC-Core.xcframework */; };
		97F25031271CBB47006A99AB /* PromisesObjC.xcframework in Frameworks */ = {isa = PBXBuildFile; fileRef = 97F2501E271CBB47006A99AB /* PromisesObjC.xcframework */; };
		97F25032271CBB47006A99AB /* GoogleDataTransport.xcframework in Frameworks */ = {isa = PBXBuildFile; fileRef = 97F2501F271CBB47006A99AB /* GoogleDataTransport.xcframework */; };
		97F25033271CBB47006A99AB /* nanopb.xcframework in Frameworks */ = {isa = PBXBuildFile; fileRef = 97F25020271CBB47006A99AB /* nanopb.xcframework */; };
		97F25034271CBB47006A99AB /* GTMSessionFetcher.xcframework in Frameworks */ = {isa = PBXBuildFile; fileRef = 97F25021271CBB47006A99AB /* GTMSessionFetcher.xcframework */; };
		97F25035271CBB47006A99AB /* FirebaseInstallations.xcframework in Frameworks */ = {isa = PBXBuildFile; fileRef = 97F25022271CBB47006A99AB /* FirebaseInstallations.xcframework */; };
		97F25036271CBB47006A99AB /* GoogleUtilities.xcframework in Frameworks */ = {isa = PBXBuildFile; fileRef = 97F25023271CBB47006A99AB /* GoogleUtilities.xcframework */; };
		97F25039271CBC66006A99AB /* libc++.tbd in Frameworks */ = {isa = PBXBuildFile; fileRef = 97F25038271CBC66006A99AB /* libc++.tbd */; };
		97F2503B271CBC73006A99AB /* libsqlite3.tbd in Frameworks */ = {isa = PBXBuildFile; fileRef = 97F2503A271CBC73006A99AB /* libsqlite3.tbd */; };
/* End PBXBuildFile section */

/* Begin PBXFileReference section */
		97F24FF1271CB5AC006A99AB /* MeowSeriesReview.app */ = {isa = PBXFileReference; explicitFileType = wrapper.application; includeInIndex = 0; path = MeowSeriesReview.app; sourceTree = BUILT_PRODUCTS_DIR; };
		97F24FF4271CB5AC006A99AB /* AppDelegate.swift */ = {isa = PBXFileReference; lastKnownFileType = sourcecode.swift; path = AppDelegate.swift; sourceTree = "<group>"; };
		97F24FF6271CB5AC006A99AB /* SceneDelegate.swift */ = {isa = PBXFileReference; lastKnownFileType = sourcecode.swift; path = SceneDelegate.swift; sourceTree = "<group>"; };
		97F24FFD271CB5B3006A99AB /* Assets.xcassets */ = {isa = PBXFileReference; lastKnownFileType = folder.assetcatalog; path = Assets.xcassets; sourceTree = "<group>"; };
		97F25000271CB5B3006A99AB /* Base */ = {isa = PBXFileReference; lastKnownFileType = file.storyboard; name = Base; path = Base.lproj/LaunchScreen.storyboard; sourceTree = "<group>"; };
		97F25002271CB5B3006A99AB /* Info.plist */ = {isa = PBXFileReference; lastKnownFileType = text.plist.xml; path = Info.plist; sourceTree = "<group>"; };
		97F25009271CB7F9006A99AB /* TrendingSeriesVC.swift */ = {isa = PBXFileReference; lastKnownFileType = sourcecode.swift; path = TrendingSeriesVC.swift; sourceTree = "<group>"; };
		97F2500C271CB82E006A99AB /* CommentsVC.swift */ = {isa = PBXFileReference; lastKnownFileType = sourcecode.swift; path = CommentsVC.swift; sourceTree = "<group>"; };
		97F2500E271CBA19006A99AB /* GoogleService-Info.plist */ = {isa = PBXFileReference; fileEncoding = 4; lastKnownFileType = text.plist.xml; path = "GoogleService-Info.plist"; sourceTree = "<group>"; };
		97F25010271CBB46006A99AB /* GoogleAppMeasurement.xcframework */ = {isa = PBXFileReference; lastKnownFileType = wrapper.xcframework; path = GoogleAppMeasurement.xcframework; sourceTree = "<group>"; };
		97F25011271CBB46006A99AB /* FirebaseCoreDiagnostics.xcframework */ = {isa = PBXFileReference; lastKnownFileType = wrapper.xcframework; path = FirebaseCoreDiagnostics.xcframework; sourceTree = "<group>"; };
		97F25012271CBB46006A99AB /* FirebaseAuth.xcframework */ = {isa = PBXFileReference; lastKnownFileType = wrapper.xcframework; path = FirebaseAuth.xcframework; sourceTree = "<group>"; };
		97F25014271CBB46006A99AB /* Firebase.framework */ = {isa = PBXFileReference; lastKnownFileType = wrapper.framework; path = Firebase.framework; sourceTree = "<group>"; };
		97F25015271CBB46006A99AB /* FirebaseFirestore.xcframework */ = {isa = PBXFileReference; lastKnownFileType = wrapper.xcframework; path = FirebaseFirestore.xcframework; sourceTree = "<group>"; };
		97F25016271CBB46006A99AB /* abseil.xcframework */ = {isa = PBXFileReference; lastKnownFileType = wrapper.xcframework; path = abseil.xcframework; sourceTree = "<group>"; };
		97F25017271CBB46006A99AB /* GoogleAppMeasurementIdentitySupport.xcframework */ = {isa = PBXFileReference; lastKnownFileType = wrapper.xcframework; path = GoogleAppMeasurementIdentitySupport.xcframework; sourceTree = "<group>"; };
		97F25018271CBB46006A99AB /* gRPC-C++.xcframework */ = {isa = PBXFileReference; lastKnownFileType = wrapper.xcframework; path = "gRPC-C++.xcframework"; sourceTree = "<group>"; };
		97F25019271CBB46006A99AB /* BoringSSL-GRPC.xcframework */ = {isa = PBXFileReference; lastKnownFileType = wrapper.xcframework; path = "BoringSSL-GRPC.xcframework"; sourceTree = "<group>"; };
		97F2501A271CBB46006A99AB /* leveldb-library.xcframework */ = {isa = PBXFileReference; lastKnownFileType = wrapper.xcframework; path = "leveldb-library.xcframework"; sourceTree = "<group>"; };
		97F2501B271CBB46006A99AB /* FirebaseCore.xcframework */ = {isa = PBXFileReference; lastKnownFileType = wrapper.xcframework; path = FirebaseCore.xcframework; sourceTree = "<group>"; };
		97F2501C271CBB46006A99AB /* FirebaseAnalytics.xcframework */ = {isa = PBXFileReference; lastKnownFileType = wrapper.xcframework; path = FirebaseAnalytics.xcframework; sourceTree = "<group>"; };
		97F2501D271CBB47006A99AB /* gRPC-Core.xcframework */ = {isa = PBXFileReference; lastKnownFileType = wrapper.xcframework; path = "gRPC-Core.xcframework"; sourceTree = "<group>"; };
		97F2501E271CBB47006A99AB /* PromisesObjC.xcframework */ = {isa = PBXFileReference; lastKnownFileType = wrapper.xcframework; path = PromisesObjC.xcframework; sourceTree = "<group>"; };
		97F2501F271CBB47006A99AB /* GoogleDataTransport.xcframework */ = {isa = PBXFileReference; lastKnownFileType = wrapper.xcframework; path = GoogleDataTransport.xcframework; sourceTree = "<group>"; };
		97F25020271CBB47006A99AB /* nanopb.xcframework */ = {isa = PBXFileReference; lastKnownFileType = wrapper.xcframework; path = nanopb.xcframework; sourceTree = "<group>"; };
		97F25021271CBB47006A99AB /* GTMSessionFetcher.xcframework */ = {isa = PBXFileReference; lastKnownFileType = wrapper.xcframework; path = GTMSessionFetcher.xcframework; sourceTree = "<group>"; };
		97F25022271CBB47006A99AB /* FirebaseInstallations.xcframework */ = {isa = PBXFileReference; lastKnownFileType = wrapper.xcframework; path = FirebaseInstallations.xcframework; sourceTree = "<group>"; };
		97F25023271CBB47006A99AB /* GoogleUtilities.xcframework */ = {isa = PBXFileReference; lastKnownFileType = wrapper.xcframework; path = GoogleUtilities.xcframework; sourceTree = "<group>"; };
		97F25038271CBC66006A99AB /* libc++.tbd */ = {isa = PBXFileReference; lastKnownFileType = "sourcecode.text-based-dylib-definition"; name = "libc++.tbd"; path = "usr/lib/libc++.tbd"; sourceTree = SDKROOT; };
		97F2503A271CBC73006A99AB /* libsqlite3.tbd */ = {isa = PBXFileReference; lastKnownFileType = "sourcecode.text-based-dylib-definition"; name = libsqlite3.tbd; path = usr/lib/libsqlite3.tbd; sourceTree = SDKROOT; };
/* End PBXFileReference section */

/* Begin PBXFrameworksBuildPhase section */
		97F24FEE271CB5AC006A99AB /* Frameworks */ = {
			isa = PBXFrameworksBuildPhase;
			buildActionMask = 2147483647;
			files = (
				97F2503B271CBC73006A99AB /* libsqlite3.tbd in Frameworks */,
				97F25039271CBC66006A99AB /* libc++.tbd in Frameworks */,
				97F25032271CBB47006A99AB /* GoogleDataTransport.xcframework in Frameworks */,
				97F25028271CBB47006A99AB /* FirebaseFirestore.xcframework in Frameworks */,
				97F2502E271CBB47006A99AB /* FirebaseCore.xcframework in Frameworks */,
				97F25025271CBB47006A99AB /* FirebaseCoreDiagnostics.xcframework in Frameworks */,
				97F25031271CBB47006A99AB /* PromisesObjC.xcframework in Frameworks */,
				97F2502A271CBB47006A99AB /* GoogleAppMeasurementIdentitySupport.xcframework in Frameworks */,
				97F25030271CBB47006A99AB /* gRPC-Core.xcframework in Frameworks */,
				97F25036271CBB47006A99AB /* GoogleUtilities.xcframework in Frameworks */,
				97F25033271CBB47006A99AB /* nanopb.xcframework in Frameworks */,
				97F25035271CBB47006A99AB /* FirebaseInstallations.xcframework in Frameworks */,
				97F25026271CBB47006A99AB /* FirebaseAuth.xcframework in Frameworks */,
				97F2502F271CBB47006A99AB /* FirebaseAnalytics.xcframework in Frameworks */,
				97F2502D271CBB47006A99AB /* leveldb-library.xcframework in Frameworks */,
				97F25024271CBB47006A99AB /* GoogleAppMeasurement.xcframework in Frameworks */,
				97F25034271CBB47006A99AB /* GTMSessionFetcher.xcframework in Frameworks */,
				97F2502B271CBB47006A99AB /* gRPC-C++.xcframework in Frameworks */,
				97F2502C271CBB47006A99AB /* BoringSSL-GRPC.xcframework in Frameworks */,
				97F25029271CBB47006A99AB /* abseil.xcframework in Frameworks */,
			);
			runOnlyForDeploymentPostprocessing = 0;
		};
/* End PBXFrameworksBuildPhase section */

/* Begin PBXGroup section */
		97F24FE8271CB5AC006A99AB = {
			isa = PBXGroup;
			children = (
				97F25037271CBB51006A99AB /* Frameworks */,
				97F24FF3271CB5AC006A99AB /* MeowSeriesReview */,
				97F24FF2271CB5AC006A99AB /* Products */,
			);
			sourceTree = "<group>";
		};
		97F24FF2271CB5AC006A99AB /* Products */ = {
			isa = PBXGroup;
			children = (
				97F24FF1271CB5AC006A99AB /* MeowSeriesReview.app */,
			);
			name = Products;
			sourceTree = "<group>";
		};
		97F24FF3271CB5AC006A99AB /* MeowSeriesReview */ = {
			isa = PBXGroup;
			children = (
				97F24FFF271CB5B3006A99AB /* LaunchScreen.storyboard */,
				97F2500B271CB800006A99AB /* ViewControllers */,
				97F25008271CB63D006A99AB /* Resources */,
			);
			path = MeowSeriesReview;
			sourceTree = "<group>";
		};
		97F25008271CB63D006A99AB /* Resources */ = {
			isa = PBXGroup;
			children = (
				97F2500E271CBA19006A99AB /* GoogleService-Info.plist */,
				97F24FF4271CB5AC006A99AB /* AppDelegate.swift */,
				97F24FF6271CB5AC006A99AB /* SceneDelegate.swift */,
				97F24FFD271CB5B3006A99AB /* Assets.xcassets */,
				97F25002271CB5B3006A99AB /* Info.plist */,
			);
			path = Resources;
			sourceTree = "<group>";
		};
		97F2500B271CB800006A99AB /* ViewControllers */ = {
			isa = PBXGroup;
			children = (
				97F25009271CB7F9006A99AB /* TrendingSeriesVC.swift */,
				97F2500C271CB82E006A99AB /* CommentsVC.swift */,
			);
			path = ViewControllers;
			sourceTree = "<group>";
		};
		97F25037271CBB51006A99AB /* Frameworks */ = {
			isa = PBXGroup;
			children = (
				97F2503A271CBC73006A99AB /* libsqlite3.tbd */,
				97F25038271CBC66006A99AB /* libc++.tbd */,
				97F25019271CBB46006A99AB /* BoringSSL-GRPC.xcframework */,
				97F2501C271CBB46006A99AB /* FirebaseAnalytics.xcframework */,
				97F25012271CBB46006A99AB /* FirebaseAuth.xcframework */,
				97F25016271CBB46006A99AB /* abseil.xcframework */,
				97F2501B271CBB46006A99AB /* FirebaseCore.xcframework */,
				97F25011271CBB46006A99AB /* FirebaseCoreDiagnostics.xcframework */,
				97F25015271CBB46006A99AB /* FirebaseFirestore.xcframework */,
				97F25022271CBB47006A99AB /* FirebaseInstallations.xcframework */,
				97F25010271CBB46006A99AB /* GoogleAppMeasurement.xcframework */,
				97F25017271CBB46006A99AB /* GoogleAppMeasurementIdentitySupport.xcframework */,
				97F2501F271CBB47006A99AB /* GoogleDataTransport.xcframework */,
				97F25023271CBB47006A99AB /* GoogleUtilities.xcframework */,
				97F25018271CBB46006A99AB /* gRPC-C++.xcframework */,
				97F2501D271CBB47006A99AB /* gRPC-Core.xcframework */,
				97F25021271CBB47006A99AB /* GTMSessionFetcher.xcframework */,
				97F25014271CBB46006A99AB /* Firebase.framework */,
				97F2501A271CBB46006A99AB /* leveldb-library.xcframework */,
				97F25020271CBB47006A99AB /* nanopb.xcframework */,
				97F2501E271CBB47006A99AB /* PromisesObjC.xcframework */,
			);
			path = Frameworks;
			sourceTree = "<group>";
		};
/* End PBXGroup section */

/* Begin PBXNativeTarget section */
		97F24FF0271CB5AC006A99AB /* MeowSeriesReview */ = {
			isa = PBXNativeTarget;
			buildConfigurationList = 97F25005271CB5B3006A99AB /* Build configuration list for PBXNativeTarget "MeowSeriesReview" */;
			buildPhases = (
				97F24FED271CB5AC006A99AB /* Sources */,
				97F24FEE271CB5AC006A99AB /* Frameworks */,
				97F24FEF271CB5AC006A99AB /* Resources */,
			);
			buildRules = (
			);
			dependencies = (
			);
			name = MeowSeriesReview;
			productName = MeowSeriesReview;
			productReference = 97F24FF1271CB5AC006A99AB /* MeowSeriesReview.app */;
			productType = "com.apple.product-type.application";
		};
/* End PBXNativeTarget section */

/* Begin PBXProject section */
		97F24FE9271CB5AC006A99AB /* Project object */ = {
			isa = PBXProject;
			attributes = {
				BuildIndependentTargetsInParallel = 1;
				LastSwiftUpdateCheck = 1300;
				LastUpgradeCheck = 1300;
				TargetAttributes = {
					97F24FF0271CB5AC006A99AB = {
						CreatedOnToolsVersion = 13.0;
					};
				};
			};
			buildConfigurationList = 97F24FEC271CB5AC006A99AB /* Build configuration list for PBXProject "MeowSeriesReview" */;
			compatibilityVersion = "Xcode 13.0";
			developmentRegion = en;
			hasScannedForEncodings = 0;
			knownRegions = (
				en,
				Base,
			);
			mainGroup = 97F24FE8271CB5AC006A99AB;
			productRefGroup = 97F24FF2271CB5AC006A99AB /* Products */;
			projectDirPath = "";
			projectRoot = "";
			targets = (
				97F24FF0271CB5AC006A99AB /* MeowSeriesReview */,
			);
		};
/* End PBXProject section */

/* Begin PBXResourcesBuildPhase section */
		97F24FEF271CB5AC006A99AB /* Resources */ = {
			isa = PBXResourcesBuildPhase;
			buildActionMask = 2147483647;
			files = (
				97F25001271CB5B3006A99AB /* LaunchScreen.storyboard in Resources */,
				97F24FFE271CB5B3006A99AB /* Assets.xcassets in Resources */,
				97F2500F271CBA19006A99AB /* GoogleService-Info.plist in Resources */,
			);
			runOnlyForDeploymentPostprocessing = 0;
		};
/* End PBXResourcesBuildPhase section */

/* Begin PBXSourcesBuildPhase section */
		97F24FED271CB5AC006A99AB /* Sources */ = {
			isa = PBXSourcesBuildPhase;
			buildActionMask = 2147483647;
			files = (
				97F24FF5271CB5AC006A99AB /* AppDelegate.swift in Sources */,
				97F2500A271CB7F9006A99AB /* TrendingSeriesVC.swift in Sources */,
				97F2500D271CB82E006A99AB /* CommentsVC.swift in Sources */,
				97F24FF7271CB5AC006A99AB /* SceneDelegate.swift in Sources */,
			);
			runOnlyForDeploymentPostprocessing = 0;
		};
/* End PBXSourcesBuildPhase section */

/* Begin PBXVariantGroup section */
		97F24FFF271CB5B3006A99AB /* LaunchScreen.storyboard */ = {
			isa = PBXVariantGroup;
			children = (
				97F25000271CB5B3006A99AB /* Base */,
			);
			name = LaunchScreen.storyboard;
			sourceTree = "<group>";
		};
/* End PBXVariantGroup section */

/* Begin XCBuildConfiguration section */
		97F25003271CB5B3006A99AB /* Debug */ = {
			isa = XCBuildConfiguration;
			buildSettings = {
				ALWAYS_SEARCH_USER_PATHS = NO;
				CLANG_ANALYZER_NONNULL = YES;
				CLANG_ANALYZER_NUMBER_OBJECT_CONVERSION = YES_AGGRESSIVE;
				CLANG_CXX_LANGUAGE_STANDARD = "gnu++17";
				CLANG_CXX_LIBRARY = "libc++";
				CLANG_ENABLE_MODULES = YES;
				CLANG_ENABLE_OBJC_ARC = YES;
				CLANG_ENABLE_OBJC_WEAK = YES;
				CLANG_WARN_BLOCK_CAPTURE_AUTORELEASING = YES;
				CLANG_WARN_BOOL_CONVERSION = YES;
				CLANG_WARN_COMMA = YES;
				CLANG_WARN_CONSTANT_CONVERSION = YES;
				CLANG_WARN_DEPRECATED_OBJC_IMPLEMENTATIONS = YES;
				CLANG_WARN_DIRECT_OBJC_ISA_USAGE = YES_ERROR;
				CLANG_WARN_DOCUMENTATION_COMMENTS = YES;
				CLANG_WARN_EMPTY_BODY = YES;
				CLANG_WARN_ENUM_CONVERSION = YES;
				CLANG_WARN_INFINITE_RECURSION = YES;
				CLANG_WARN_INT_CONVERSION = YES;
				CLANG_WARN_NON_LITERAL_NULL_CONVERSION = YES;
				CLANG_WARN_OBJC_IMPLICIT_RETAIN_SELF = YES;
				CLANG_WARN_OBJC_LITERAL_CONVERSION = YES;
				CLANG_WARN_OBJC_ROOT_CLASS = YES_ERROR;
				CLANG_WARN_QUOTED_INCLUDE_IN_FRAMEWORK_HEADER = YES;
				CLANG_WARN_RANGE_LOOP_ANALYSIS = YES;
				CLANG_WARN_STRICT_PROTOTYPES = YES;
				CLANG_WARN_SUSPICIOUS_MOVE = YES;
				CLANG_WARN_UNGUARDED_AVAILABILITY = YES_AGGRESSIVE;
				CLANG_WARN_UNREACHABLE_CODE = YES;
				CLANG_WARN__DUPLICATE_METHOD_MATCH = YES;
				COPY_PHASE_STRIP = NO;
				DEBUG_INFORMATION_FORMAT = dwarf;
				ENABLE_STRICT_OBJC_MSGSEND = YES;
				ENABLE_TESTABILITY = YES;
				GCC_C_LANGUAGE_STANDARD = gnu11;
				GCC_DYNAMIC_NO_PIC = NO;
				GCC_NO_COMMON_BLOCKS = YES;
				GCC_OPTIMIZATION_LEVEL = 0;
				GCC_PREPROCESSOR_DEFINITIONS = (
					"DEBUG=1",
					"$(inherited)",
				);
				GCC_WARN_64_TO_32_BIT_CONVERSION = YES;
				GCC_WARN_ABOUT_RETURN_TYPE = YES_ERROR;
				GCC_WARN_UNDECLARED_SELECTOR = YES;
				GCC_WARN_UNINITIALIZED_AUTOS = YES_AGGRESSIVE;
				GCC_WARN_UNUSED_FUNCTION = YES;
				GCC_WARN_UNUSED_VARIABLE = YES;
				IPHONEOS_DEPLOYMENT_TARGET = 15.0;
				MTL_ENABLE_DEBUG_INFO = INCLUDE_SOURCE;
				MTL_FAST_MATH = YES;
				ONLY_ACTIVE_ARCH = YES;
				SDKROOT = iphoneos;
				SWIFT_ACTIVE_COMPILATION_CONDITIONS = DEBUG;
				SWIFT_OPTIMIZATION_LEVEL = "-Onone";
			};
			name = Debug;
		};
		97F25004271CB5B3006A99AB /* Release */ = {
			isa = XCBuildConfiguration;
			buildSettings = {
				ALWAYS_SEARCH_USER_PATHS = NO;
				CLANG_ANALYZER_NONNULL = YES;
				CLANG_ANALYZER_NUMBER_OBJECT_CONVERSION = YES_AGGRESSIVE;
				CLANG_CXX_LANGUAGE_STANDARD = "gnu++17";
				CLANG_CXX_LIBRARY = "libc++";
				CLANG_ENABLE_MODULES = YES;
				CLANG_ENABLE_OBJC_ARC = YES;
				CLANG_ENABLE_OBJC_WEAK = YES;
				CLANG_WARN_BLOCK_CAPTURE_AUTORELEASING = YES;
				CLANG_WARN_BOOL_CONVERSION = YES;
				CLANG_WARN_COMMA = YES;
				CLANG_WARN_CONSTANT_CONVERSION = YES;
				CLANG_WARN_DEPRECATED_OBJC_IMPLEMENTATIONS = YES;
				CLANG_WARN_DIRECT_OBJC_ISA_USAGE = YES_ERROR;
				CLANG_WARN_DOCUMENTATION_COMMENTS = YES;
				CLANG_WARN_EMPTY_BODY = YES;
				CLANG_WARN_ENUM_CONVERSION = YES;
				CLANG_WARN_INFINITE_RECURSION = YES;
				CLANG_WARN_INT_CONVERSION = YES;
				CLANG_WARN_NON_LITERAL_NULL_CONVERSION = YES;
				CLANG_WARN_OBJC_IMPLICIT_RETAIN_SELF = YES;
				CLANG_WARN_OBJC_LITERAL_CONVERSION = YES;
				CLANG_WARN_OBJC_ROOT_CLASS = YES_ERROR;
				CLANG_WARN_QUOTED_INCLUDE_IN_FRAMEWORK_HEADER = YES;
				CLANG_WARN_RANGE_LOOP_ANALYSIS = YES;
				CLANG_WARN_STRICT_PROTOTYPES = YES;
				CLANG_WARN_SUSPICIOUS_MOVE = YES;
				CLANG_WARN_UNGUARDED_AVAILABILITY = YES_AGGRESSIVE;
				CLANG_WARN_UNREACHABLE_CODE = YES;
				CLANG_WARN__DUPLICATE_METHOD_MATCH = YES;
				COPY_PHASE_STRIP = NO;
				DEBUG_INFORMATION_FORMAT = "dwarf-with-dsym";
				ENABLE_NS_ASSERTIONS = NO;
				ENABLE_STRICT_OBJC_MSGSEND = YES;
				GCC_C_LANGUAGE_STANDARD = gnu11;
				GCC_NO_COMMON_BLOCKS = YES;
				GCC_WARN_64_TO_32_BIT_CONVERSION = YES;
				GCC_WARN_ABOUT_RETURN_TYPE = YES_ERROR;
				GCC_WARN_UNDECLARED_SELECTOR = YES;
				GCC_WARN_UNINITIALIZED_AUTOS = YES_AGGRESSIVE;
				GCC_WARN_UNUSED_FUNCTION = YES;
				GCC_WARN_UNUSED_VARIABLE = YES;
				IPHONEOS_DEPLOYMENT_TARGET = 15.0;
				MTL_ENABLE_DEBUG_INFO = NO;
				MTL_FAST_MATH = YES;
				SDKROOT = iphoneos;
				SWIFT_COMPILATION_MODE = wholemodule;
				SWIFT_OPTIMIZATION_LEVEL = "-O";
				VALIDATE_PRODUCT = YES;
			};
			name = Release;
		};
		97F25006271CB5B3006A99AB /* Debug */ = {
			isa = XCBuildConfiguration;
			buildSettings = {
				ASSETCATALOG_COMPILER_APPICON_NAME = AppIcon;
				ASSETCATALOG_COMPILER_GLOBAL_ACCENT_COLOR_NAME = AccentColor;
				CODE_SIGN_STYLE = Automatic;
				CURRENT_PROJECT_VERSION = 1;
				DEVELOPMENT_TEAM = 67729QDLYV;
				FRAMEWORK_SEARCH_PATHS = (
					"$(inherited)",
					"$(PROJECT_DIR)/Frameworks",
				);
				GENERATE_INFOPLIST_FILE = YES;
				INFOPLIST_FILE = MeowSeriesReview/Resources/Info.plist;
				INFOPLIST_KEY_UIApplicationSupportsIndirectInputEvents = YES;
				INFOPLIST_KEY_UILaunchStoryboardName = LaunchScreen;
				INFOPLIST_KEY_UISupportedInterfaceOrientations_iPad = "UIInterfaceOrientationPortrait UIInterfaceOrientationPortraitUpsideDown UIInterfaceOrientationLandscapeLeft UIInterfaceOrientationLandscapeRight";
				INFOPLIST_KEY_UISupportedInterfaceOrientations_iPhone = "UIInterfaceOrientationPortrait UIInterfaceOrientationLandscapeLeft UIInterfaceOrientationLandscapeRight";
				LD_RUNPATH_SEARCH_PATHS = (
					"$(inherited)",
					"@executable_path/Frameworks",
				);
				MARKETING_VERSION = 1.0;
				OTHER_LDFLAGS = (
					"$(OTHER_LDFLAGS)",
					"-ObjC",
				);
				PRODUCT_BUNDLE_IDENTIFIER = "com.anne-hanw.MeowSeriesReview";
				PRODUCT_NAME = "$(TARGET_NAME)";
				SWIFT_EMIT_LOC_STRINGS = YES;
				SWIFT_VERSION = 5.0;
				TARGETED_DEVICE_FAMILY = "1,2";
				VALIDATE_WORKSPACE = YES;
			};
			name = Debug;
		};
		97F25007271CB5B3006A99AB /* Release */ = {
			isa = XCBuildConfiguration;
			buildSettings = {
				ASSETCATALOG_COMPILER_APPICON_NAME = AppIcon;
				ASSETCATALOG_COMPILER_GLOBAL_ACCENT_COLOR_NAME = AccentColor;
				CODE_SIGN_STYLE = Automatic;
				CURRENT_PROJECT_VERSION = 1;
				DEVELOPMENT_TEAM = 67729QDLYV;
				FRAMEWORK_SEARCH_PATHS = (
					"$(inherited)",
					"$(PROJECT_DIR)/Frameworks",
				);
				GENERATE_INFOPLIST_FILE = YES;
				INFOPLIST_FILE = MeowSeriesReview/Resources/Info.plist;
				INFOPLIST_KEY_UIApplicationSupportsIndirectInputEvents = YES;
				INFOPLIST_KEY_UILaunchStoryboardName = LaunchScreen;
				INFOPLIST_KEY_UISupportedInterfaceOrientations_iPad = "UIInterfaceOrientationPortrait UIInterfaceOrientationPortraitUpsideDown UIInterfaceOrientationLandscapeLeft UIInterfaceOrientationLandscapeRight";
				INFOPLIST_KEY_UISupportedInterfaceOrientations_iPhone = "UIInterfaceOrientationPortrait UIInterfaceOrientationLandscapeLeft UIInterfaceOrientationLandscapeRight";
				LD_RUNPATH_SEARCH_PATHS = (
					"$(inherited)",
					"@executable_path/Frameworks",
				);
				MARKETING_VERSION = 1.0;
				OTHER_LDFLAGS = (
					"$(OTHER_LDFLAGS)",
					"-ObjC",
				);
				PRODUCT_BUNDLE_IDENTIFIER = "com.anne-hanw.MeowSeriesReview";
				PRODUCT_NAME = "$(TARGET_NAME)";
				SWIFT_EMIT_LOC_STRINGS = YES;
				SWIFT_VERSION = 5.0;
				TARGETED_DEVICE_FAMILY = "1,2";
				VALIDATE_WORKSPACE = YES;
			};
			name = Release;
		};
/* End XCBuildConfiguration section */

/* Begin XCConfigurationList section */
		97F24FEC271CB5AC006A99AB /* Build configuration list for PBXProject "MeowSeriesReview" */ = {
			isa = XCConfigurationList;
			buildConfigurations = (
				97F25003271CB5B3006A99AB /* Debug */,
				97F25004271CB5B3006A99AB /* Release */,
			);
			defaultConfigurationIsVisible = 0;
			defaultConfigurationName = Release;
		};
		97F25005271CB5B3006A99AB /* Build configuration list for PBXNativeTarget "MeowSeriesReview" */ = {
			isa = XCConfigurationList;
			buildConfigurations = (
				97F25006271CB5B3006A99AB /* Debug */,
				97F25007271CB5B3006A99AB /* Release */,
			);
			defaultConfigurationIsVisible = 0;
			defaultConfigurationName = Release;
		};
/* End XCConfigurationList section */
	};
	rootObject = 97F24FE9271CB5AC006A99AB /* Project object */;
}
